
Microsoft Visual Studio Solution File, Format Version 12.00
# Visual Studio 14
VisualStudioVersion = 14.0.25420.1
MinimumVisualStudioVersion = 10.0.40219.1
Project("{FAE04EC0-301F-11D3-BF4B-00C04F79EFBC}") = "YQ.TMPL.MVC.WebApp", "YQ.TMPL.MVC.WebApp\YQ.TMPL.MVC.WebApp.csproj", "{C0ABF87A-B860-477C-A10F-0DA22504D74D}"
EndProject
Project("{FAE04EC0-301F-11D3-BF4B-00C04F79EFBC}") = "YQ.TMPL.MVC.Model", "YQ.TMPL.MVC.Model\YQ.TMPL.MVC.Model.csproj", "{4F75C0DD-6184-463F-8500-C26DD3913416}"
EndProject
Project("{FAE04EC0-301F-11D3-BF4B-00C04F79EFBC}") = "YQ.TMPL.MVC.ViewModel", "YQ.TMPL.MVC.ViewModel\YQ.TMPL.MVC.ViewModel.csproj", "{CF43241F-F360-4374-A0C8-39FA73B14D7C}"
EndProject
Project("{FAE04EC0-301F-11D3-BF4B-00C04F79EFBC}") = "YQ.TMPL.MVC.Data", "YQ.TMPL.MVC.Data\YQ.TMPL.MVC.Data.csproj", "{51E069B4-48B8-487A-B5E8-5CAC89E9B803}"
EndProject
Global
	GlobalSection(SolutionConfigurationPlatforms) = preSolution
		Debug|Any CPU = Debug|Any CPU
		Release|Any CPU = Release|Any CPU
	EndGlobalSection
	GlobalSection(ProjectConfigurationPlatforms) = postSolution
		{C0ABF87A-B860-477C-A10F-0DA22504D74D}.Debug|Any CPU.ActiveCfg = Debug|Any CPU
		{C0ABF87A-B860-477C-A10F-0DA22504D74D}.Debug|Any CPU.Build.0 = Debug|Any CPU
		{C0ABF87A-B860-477C-A10F-0DA22504D74D}.Release|Any CPU.ActiveCfg = Release|Any CPU
		{C0ABF87A-B860-477C-A10F-0DA22504D74D}.Release|Any CPU.Build.0 = Release|Any CPU
		{4F75C0DD-6184-463F-8500-C26DD3913416}.Debug|Any CPU.ActiveCfg = Debug|Any CPU
		{4F75C0DD-6184-463F-8500-C26DD3913416}.Debug|Any CPU.Build.0 = Debug|Any CPU
		{4F75C0DD-6184-463F-8500-C26DD3913416}.Release|Any CPU.ActiveCfg = Release|Any CPU
		{4F75C0DD-6184-463F-8500-C26DD3913416}.Release|Any CPU.Build.0 = Release|Any CPU
		{CF43241F-F360-4374-A0C8-39FA73B14D7C}.Debug|Any CPU.ActiveCfg = Debug|Any CPU
		{CF43241F-F360-4374-A0C8-39FA73B14D7C}.Debug|Any CPU.Build.0 = Debug|Any CPU
		{CF43241F-F360-4374-A0C8-39FA73B14D7C}.Release|Any CPU.ActiveCfg = Release|Any CPU
		{CF43241F-F360-4374-A0C8-39FA73B14D7C}.Release|Any CPU.Build.0 = Release|Any CPU
		{51E069B4-48B8-487A-B5E8-5CAC89E9B803}.Debug|Any CPU.ActiveCfg = Debug|Any CPU
		{51E069B4-48B8-487A-B5E8-5CAC89E9B803}.Debug|Any CPU.Build.0 = Debug|Any CPU
		{51E069B4-48B8-487A-B5E8-5CAC89E9B803}.Release|Any CPU.ActiveCfg = Release|Any CPU
		{51E069B4-48B8-487A-B5E8-5CAC89E9B803}.Release|Any CPU.Build.0 = Release|Any CPU
	EndGlobalSection
	GlobalSection(SolutionProperties) = preSolution
		HideSolutionNode = FALSE
	EndGlobalSection
EndGlobal
